
Microsoft Visual Studio Solution File, Format Version 12.00
# Visual Studio Version 16
VisualStudioVersion = 16.0.31729.503
MinimumVisualStudioVersion = 10.0.40219.1
Project("{FAE04EC0-301F-11D3-BF4B-00C04F79EFBC}") = "UnitClass", "UnitClass\UnitClass.csproj", "{78916962-F3BB-4076-8B5D-F6B5D2BCE39A}"
EndProject
Project("{FAE04EC0-301F-11D3-BF4B-00C04F79EFBC}") = "UnitTest", "UnitTest\UnitTest.csproj", "{ED0397B8-BBE2-456C-9E8F-7A5F8628D3B0}"
EndProject
Project("{FAE04EC0-301F-11D3-BF4B-00C04F79EFBC}") = "UnitClassTests", "UnitClassTests\UnitClassTests.csproj", "{61CB1F76-8653-448E-A6DE-59EAF317F306}"
EndProject
Global
	GlobalSection(SolutionConfigurationPlatforms) = preSolution
		Debug|Any CPU = Debug|Any CPU
		Release|Any CPU = Release|Any CPU
	EndGlobalSection
	GlobalSection(ProjectConfigurationPlatforms) = postSolution
		{78916962-F3BB-4076-8B5D-F6B5D2BCE39A}.Debug|Any CPU.ActiveCfg = Debug|Any CPU
		{78916962-F3BB-4076-8B5D-F6B5D2BCE39A}.Debug|Any CPU.Build.0 = Debug|Any CPU
		{78916962-F3BB-4076-8B5D-F6B5D2BCE39A}.Release|Any CPU.ActiveCfg = Release|Any CPU
		{78916962-F3BB-4076-8B5D-F6B5D2BCE39A}.Release|Any CPU.Build.0 = Release|Any CPU
		{ED0397B8-BBE2-456C-9E8F-7A5F8628D3B0}.Debug|Any CPU.ActiveCfg = Debug|Any CPU
		{ED0397B8-BBE2-456C-9E8F-7A5F8628D3B0}.Debug|Any CPU.Build.0 = Debug|Any CPU
		{ED0397B8-BBE2-456C-9E8F-7A5F8628D3B0}.Release|Any CPU.ActiveCfg = Release|Any CPU
		{ED0397B8-BBE2-456C-9E8F-7A5F8628D3B0}.Release|Any CPU.Build.0 = Release|Any CPU
		{61CB1F76-8653-448E-A6DE-59EAF317F306}.Debug|Any CPU.ActiveCfg = Debug|Any CPU
		{61CB1F76-8653-448E-A6DE-59EAF317F306}.Debug|Any CPU.Build.0 = Debug|Any CPU
		{61CB1F76-8653-448E-A6DE-59EAF317F306}.Release|Any CPU.ActiveCfg = Release|Any CPU
		{61CB1F76-8653-448E-A6DE-59EAF317F306}.Release|Any CPU.Build.0 = Release|Any CPU
	EndGlobalSection
	GlobalSection(SolutionProperties) = preSolution
		HideSolutionNode = FALSE
	EndGlobalSection
	GlobalSection(ExtensibilityGlobals) = postSolution
		SolutionGuid = {299EFFCF-7F99-40E2-BCFD-83395169847A}
	EndGlobalSection
EndGlobal
